
Microsoft Visual Studio Solution File, Format Version 12.00
# Visual Studio Version 17
VisualStudioVersion = 17.2.32516.85
MinimumVisualStudioVersion = 10.0.40219.1
Project("{FAE04EC0-301F-11D3-BF4B-00C04F79EFBC}") = "TcpServer", "TcpServer\TcpServer.csproj", "{64781720-429C-4B50-878C-0B17BE173EA4}"
EndProject
Project("{FAE04EC0-301F-11D3-BF4B-00C04F79EFBC}") = "Shared_Class", "Shared_Class\Shared_Class.csproj", "{385C181E-8529-4B9D-B2EA-BEB063A7623F}"
EndProject
Project("{FAE04EC0-301F-11D3-BF4B-00C04F79EFBC}") = "TCPServerController", "TCPServerController\TCPServerController.csproj", "{1697DF48-136A-4381-AECF-74430A8CB328}"
EndProject
Global
	GlobalSection(SolutionConfigurationPlatforms) = preSolution
		Debug|Any CPU = Debug|Any CPU
		Release|Any CPU = Release|Any CPU
	EndGlobalSection
	GlobalSection(ProjectConfigurationPlatforms) = postSolution
		{64781720-429C-4B50-878C-0B17BE173EA4}.Debug|Any CPU.ActiveCfg = Debug|Any CPU
		{64781720-429C-4B50-878C-0B17BE173EA4}.Debug|Any CPU.Build.0 = Debug|Any CPU
		{64781720-429C-4B50-878C-0B17BE173EA4}.Release|Any CPU.ActiveCfg = Release|Any CPU
		{64781720-429C-4B50-878C-0B17BE173EA4}.Release|Any CPU.Build.0 = Release|Any CPU
		{385C181E-8529-4B9D-B2EA-BEB063A7623F}.Debug|Any CPU.ActiveCfg = Debug|Any CPU
		{385C181E-8529-4B9D-B2EA-BEB063A7623F}.Debug|Any CPU.Build.0 = Debug|Any CPU
		{385C181E-8529-4B9D-B2EA-BEB063A7623F}.Release|Any CPU.ActiveCfg = Release|Any CPU
		{385C181E-8529-4B9D-B2EA-BEB063A7623F}.Release|Any CPU.Build.0 = Release|Any CPU
		{1697DF48-136A-4381-AECF-74430A8CB328}.Debug|Any CPU.ActiveCfg = Debug|Any CPU
		{1697DF48-136A-4381-AECF-74430A8CB328}.Debug|Any CPU.Build.0 = Debug|Any CPU
		{1697DF48-136A-4381-AECF-74430A8CB328}.Release|Any CPU.ActiveCfg = Release|Any CPU
		{1697DF48-136A-4381-AECF-74430A8CB328}.Release|Any CPU.Build.0 = Release|Any CPU
	EndGlobalSection
	GlobalSection(SolutionProperties) = preSolution
		HideSolutionNode = FALSE
	EndGlobalSection
	GlobalSection(ExtensibilityGlobals) = postSolution
		SolutionGuid = {678E89F6-1EE1-43F0-BFDF-DF8DFD59691C}
	EndGlobalSection
EndGlobal
